
Microsoft Visual Studio Solution File, Format Version 12.00
# Visual Studio Version 16
VisualStudioVersion = 16.0.30804.86
MinimumVisualStudioVersion = 10.0.40219.1
Project("{FAE04EC0-301F-11D3-BF4B-00C04F79EFBC}") = "LAB09-LINQ", "LAB09-LINQ\LAB09-LINQ.csproj", "{914AAC04-8F7A-4B13-8B94-23A38F84D97D}"
EndProject
Global
	GlobalSection(SolutionConfigurationPlatforms) = preSolution
		Debug|Any CPU = Debug|Any CPU
		Release|Any CPU = Release|Any CPU
	EndGlobalSection
	GlobalSection(ProjectConfigurationPlatforms) = postSolution
		{914AAC04-8F7A-4B13-8B94-23A38F84D97D}.Debug|Any CPU.ActiveCfg = Debug|Any CPU
		{914AAC04-8F7A-4B13-8B94-23A38F84D97D}.Debug|Any CPU.Build.0 = Debug|Any CPU
		{914AAC04-8F7A-4B13-8B94-23A38F84D97D}.Release|Any CPU.ActiveCfg = Release|Any CPU
		{914AAC04-8F7A-4B13-8B94-23A38F84D97D}.Release|Any CPU.Build.0 = Release|Any CPU
	EndGlobalSection
	GlobalSection(SolutionProperties) = preSolution
		HideSolutionNode = FALSE
	EndGlobalSection
	GlobalSection(ExtensibilityGlobals) = postSolution
		SolutionGuid = {E024B348-3CB0-47CF-B6A4-9DF7395CD11C}
	EndGlobalSection
EndGlobal
